
Microsoft Visual Studio Solution File, Format Version 12.00
# Visual Studio Version 16
VisualStudioVersion = 16.0.29806.167
MinimumVisualStudioVersion = 10.0.40219.1
Project("{FAE04EC0-301F-11D3-BF4B-00C04F79EFBC}") = "ThickInspector", "ThickInspector\ThickInspector.csproj", "{861ADEF0-FAD5-469E-B461-42A8794BA9EA}"
EndProject
Global
	GlobalSection(SolutionConfigurationPlatforms) = preSolution
		Debug|Any CPU = Debug|Any CPU
		Release|Any CPU = Release|Any CPU
	EndGlobalSection
	GlobalSection(ProjectConfigurationPlatforms) = postSolution
		{861ADEF0-FAD5-469E-B461-42A8794BA9EA}.Debug|Any CPU.ActiveCfg = Debug|Any CPU
		{861ADEF0-FAD5-469E-B461-42A8794BA9EA}.Debug|Any CPU.Build.0 = Debug|Any CPU
		{861ADEF0-FAD5-469E-B461-42A8794BA9EA}.Release|Any CPU.ActiveCfg = Release|Any CPU
		{861ADEF0-FAD5-469E-B461-42A8794BA9EA}.Release|Any CPU.Build.0 = Release|Any CPU
	EndGlobalSection
	GlobalSection(SolutionProperties) = preSolution
		HideSolutionNode = FALSE
	EndGlobalSection
	GlobalSection(ExtensibilityGlobals) = postSolution
		SolutionGuid = {52FCB2F3-A0B6-48FA-8C2F-F1A494ECEFF6}
	EndGlobalSection
EndGlobal
